
Microsoft Visual Studio Solution File, Format Version 12.00
# Visual Studio 15
VisualStudioVersion = 15.0.28010.2003
MinimumVisualStudioVersion = 10.0.40219.1
Project("{FAE04EC0-301F-11D3-BF4B-00C04F79EFBC}") = "StockApplication", "StockApplication\StockApplication.csproj", "{7EE46BFF-FBB4-481F-82E0-D17D6B7F9131}"
EndProject
Project("{FAE04EC0-301F-11D3-BF4B-00C04F79EFBC}") = "EncryptDecrypt", "EncryptDecrypt\EncryptDecrypt.csproj", "{6B89E018-E588-4623-83CD-DC9BC2092F40}"
EndProject
Project("{E24C65DC-7377-472B-9ABA-BC803B73C61A}") = "StockService", "StockService\", "{0D526615-B6FC-45D9-ADBE-93FEB53C9106}"
	ProjectSection(WebsiteProperties) = preProject
		TargetFrameworkMoniker = ".NETFramework,Version%3Dv4.5"
		Debug.AspNetCompiler.VirtualPath = "/localhost_49985"
		Debug.AspNetCompiler.PhysicalPath = "..\..\..\Desktop\StockApplication\StockService\"
		Debug.AspNetCompiler.TargetPath = "PrecompiledWeb\localhost_49985\"
		Debug.AspNetCompiler.Updateable = "true"
		Debug.AspNetCompiler.ForceOverwrite = "true"
		Debug.AspNetCompiler.FixedNames = "false"
		Debug.AspNetCompiler.Debug = "True"
		Release.AspNetCompiler.VirtualPath = "/localhost_49985"
		Release.AspNetCompiler.PhysicalPath = "..\..\..\Desktop\StockApplication\StockService\"
		Release.AspNetCompiler.TargetPath = "PrecompiledWeb\localhost_49985\"
		Release.AspNetCompiler.Updateable = "true"
		Release.AspNetCompiler.ForceOverwrite = "true"
		Release.AspNetCompiler.FixedNames = "false"
		Release.AspNetCompiler.Debug = "False"
		VWDPort = "49985"
		SlnRelativePath = "StockService\"
	EndProjectSection
EndProject
Global
	GlobalSection(SolutionConfigurationPlatforms) = preSolution
		Debug|Any CPU = Debug|Any CPU
		Release|Any CPU = Release|Any CPU
	EndGlobalSection
	GlobalSection(ProjectConfigurationPlatforms) = postSolution
		{7EE46BFF-FBB4-481F-82E0-D17D6B7F9131}.Debug|Any CPU.ActiveCfg = Debug|Any CPU
		{7EE46BFF-FBB4-481F-82E0-D17D6B7F9131}.Debug|Any CPU.Build.0 = Debug|Any CPU
		{7EE46BFF-FBB4-481F-82E0-D17D6B7F9131}.Release|Any CPU.ActiveCfg = Release|Any CPU
		{7EE46BFF-FBB4-481F-82E0-D17D6B7F9131}.Release|Any CPU.Build.0 = Release|Any CPU
		{6B89E018-E588-4623-83CD-DC9BC2092F40}.Debug|Any CPU.ActiveCfg = Debug|Any CPU
		{6B89E018-E588-4623-83CD-DC9BC2092F40}.Debug|Any CPU.Build.0 = Debug|Any CPU
		{6B89E018-E588-4623-83CD-DC9BC2092F40}.Release|Any CPU.ActiveCfg = Release|Any CPU
		{6B89E018-E588-4623-83CD-DC9BC2092F40}.Release|Any CPU.Build.0 = Release|Any CPU
		{0D526615-B6FC-45D9-ADBE-93FEB53C9106}.Debug|Any CPU.ActiveCfg = Debug|Any CPU
		{0D526615-B6FC-45D9-ADBE-93FEB53C9106}.Debug|Any CPU.Build.0 = Debug|Any CPU
		{0D526615-B6FC-45D9-ADBE-93FEB53C9106}.Release|Any CPU.ActiveCfg = Debug|Any CPU
		{0D526615-B6FC-45D9-ADBE-93FEB53C9106}.Release|Any CPU.Build.0 = Debug|Any CPU
	EndGlobalSection
	GlobalSection(SolutionProperties) = preSolution
		HideSolutionNode = FALSE
	EndGlobalSection
	GlobalSection(ExtensibilityGlobals) = postSolution
		SolutionGuid = {F9E53CD6-9835-49F1-8AF6-7FF51DD42496}
	EndGlobalSection
EndGlobal
